
Microsoft Visual Studio Solution File, Format Version 12.00
# Visual Studio Version 17
VisualStudioVersion = 17.1.32407.343
MinimumVisualStudioVersion = 10.0.40219.1
Project("{FAE04EC0-301F-11D3-BF4B-00C04F79EFBC}") = "xalia", "xalia\xalia.csproj", "{35CC3931-620A-4DF1-9EAE-F9B6E1E72AC1}"
EndProject
Project("{2150E333-8FDC-42A3-9474-1A3956D46DE8}") = "Solution Items", "Solution Items", "{F1200842-1F77-4A05-8052-95CE01C976EE}"
	ProjectSection(SolutionItems) = preProject
		README.md = README.md
	EndProjectSection
EndProject
Global
	GlobalSection(SolutionConfigurationPlatforms) = preSolution
		Debug-NetStandard|Any CPU = Debug-NetStandard|Any CPU
		Release-NetStandard|Any CPU = Release-NetStandard|Any CPU
	EndGlobalSection
	GlobalSection(ProjectConfigurationPlatforms) = postSolution
		{35CC3931-620A-4DF1-9EAE-F9B6E1E72AC1}.Debug-NetStandard|Any CPU.ActiveCfg = Debug-NetStandard|Any CPU
		{35CC3931-620A-4DF1-9EAE-F9B6E1E72AC1}.Debug-NetStandard|Any CPU.Build.0 = Debug-NetStandard|Any CPU
		{35CC3931-620A-4DF1-9EAE-F9B6E1E72AC1}.Release-NetStandard|Any CPU.ActiveCfg = Release-NetStandard|Any CPU
		{35CC3931-620A-4DF1-9EAE-F9B6E1E72AC1}.Release-NetStandard|Any CPU.Build.0 = Release-NetStandard|Any CPU
	EndGlobalSection
	GlobalSection(SolutionProperties) = preSolution
		HideSolutionNode = FALSE
	EndGlobalSection
	GlobalSection(ExtensibilityGlobals) = postSolution
		SolutionGuid = {F5F12719-3E79-4DCA-8F22-EB7D6DD7C105}
	EndGlobalSection
EndGlobal
